// !$*UTF8*$!
{
	archiveVersion = 1;
	classes = {
	};
	objectVersion = 77;
	objects = {

/* Begin PBXBuildFile section */
		469649112F9A01E200B9DCDD /* SnapKit in Frameworks */ = {isa = PBXBuildFile; productRef = 469649102F9A01E200B9DCDD /* SnapKit */; };
		469649142F9A0C6600B9DCDD /* Differentiator in Frameworks */ = {isa = PBXBuildFile; productRef = 469649132F9A0C6600B9DCDD /* Differentiator */; };
		469649162F9A0C6600B9DCDD /* RxDataSources in Frameworks */ = {isa = PBXBuildFile; productRef = 469649152F9A0C6600B9DCDD /* RxDataSources */; };
/* End PBXBuildFile section */

/* Begin PBXContainerItemProxy section */
		463BF4B82FAB71F500190AC6 /* PBXContainerItemProxy */ = {
			isa = PBXContainerItemProxy;
			containerPortal = 469CEC7A2F62D8B90043D9DE /* Project object */;
			proxyType = 1;
			remoteGlobalIDString = 469CEC812F62D8BA0043D9DE;
			remoteInfo = BeePeachRoutiner;
		};
/* End PBXContainerItemProxy section */

/* Begin PBXFileReference section */
		463BF4B42FAB71F500190AC6 /* BeePeachRoutinerTests.xctest */ = {isa = PBXFileReference; explicitFileType = wrapper.cfbundle; includeInIndex = 0; path = BeePeachRoutinerTests.xctest; sourceTree = BUILT_PRODUCTS_DIR; };
		469CEC822F62D8BA0043D9DE /* BeePeachRoutiner.app */ = {isa = PBXFileReference; explicitFileType = wrapper.application; includeInIndex = 0; path = BeePeachRoutiner.app; sourceTree = BUILT_PRODUCTS_DIR; };
/* End PBXFileReference section */

/* Begin PBXFileSystemSynchronizedBuildFileExceptionSet section */
		461FE3C42F6C0DE700E3D546 /* Exceptions for "BeePeachRoutiner" folder in "BeePeachRoutiner" target */ = {
			isa = PBXFileSystemSynchronizedBuildFileExceptionSet;
			membershipExceptions = (
				Info.plist,
			);
			target = 469CEC812F62D8BA0043D9DE /* BeePeachRoutiner */;
		};
/* End PBXFileSystemSynchronizedBuildFileExceptionSet section */

/* Begin PBXFileSystemSynchronizedRootGroup section */
		463BF4B52FAB71F500190AC6 /* BeePeachRoutinerTests */ = {
			isa = PBXFileSystemSynchronizedRootGroup;
			path = BeePeachRoutinerTests;
			sourceTree = "<group>";
		};
		469CEC842F62D8BA0043D9DE /* BeePeachRoutiner */ = {
			isa = PBXFileSystemSynchronizedRootGroup;
			exceptions = (
				461FE3C42F6C0DE700E3D546 /* Exceptions for "BeePeachRoutiner" folder in "BeePeachRoutiner" target */,
			);
			path = BeePeachRoutiner;
			sourceTree = "<group>";
		};
/* End PBXFileSystemSynchronizedRootGroup section */

/* Begin PBXFrameworksBuildPhase section */
		463BF4B12FAB71F500190AC6 /* Frameworks */ = {
			isa = PBXFrameworksBuildPhase;
			buildActionMask = 2147483647;
			files = (
			);
			runOnlyForDeploymentPostprocessing = 0;
		};
		469CEC7F2F62D8BA0043D9DE /* Frameworks */ = {
			isa = PBXFrameworksBuildPhase;
			buildActionMask = 2147483647;
			files = (
				469649162F9A0C6600B9DCDD /* RxDataSources in Frameworks */,
				469649142F9A0C6600B9DCDD /* Differentiator in Frameworks */,
				469649112F9A01E200B9DCDD /* SnapKit in Frameworks */,
			);
			runOnlyForDeploymentPostprocessing = 0;
		};
/* End PBXFrameworksBuildPhase section */

/* Begin PBXGroup section */
		469CEC792F62D8B90043D9DE = {
			isa = PBXGroup;
			children = (
				469CEC842F62D8BA0043D9DE /* BeePeachRoutiner */,
				463BF4B52FAB71F500190AC6 /* BeePeachRoutinerTests */,
				469CEC832F62D8BA0043D9DE /* Products */,
			);
			sourceTree = "<group>";
		};
		469CEC832F62D8BA0043D9DE /* Products */ = {
			isa = PBXGroup;
			children = (
				469CEC822F62D8BA0043D9DE /* BeePeachRoutiner.app */,
				463BF4B42FAB71F500190AC6 /* BeePeachRoutinerTests.xctest */,
			);
			name = Products;
			sourceTree = "<group>";
		};
/* End PBXGroup section */

/* Begin PBXNativeTarget section */
		463BF4B32FAB71F500190AC6 /* BeePeachRoutinerTests */ = {
			isa = PBXNativeTarget;
			buildConfigurationList = 463BF4BC2FAB71F500190AC6 /* Build configuration list for PBXNativeTarget "BeePeachRoutinerTests" */;
			buildPhases = (
				463BF4B02FAB71F500190AC6 /* Sources */,
				463BF4B12FAB71F500190AC6 /* Frameworks */,
				463BF4B22FAB71F500190AC6 /* Resources */,
			);
			buildRules = (
			);
			dependencies = (
				463BF4B92FAB71F500190AC6 /* PBXTargetDependency */,
			);
			fileSystemSynchronizedGroups = (
				463BF4B52FAB71F500190AC6 /* BeePeachRoutinerTests */,
			);
			name = BeePeachRoutinerTests;
			packageProductDependencies = (
			);
			productName = BeePeachRoutinerTests;
			productReference = 463BF4B42FAB71F500190AC6 /* BeePeachRoutinerTests.xctest */;
			productType = "com.apple.product-type.bundle.unit-test";
		};
		469CEC812F62D8BA0043D9DE /* BeePeachRoutiner */ = {
			isa = PBXNativeTarget;
			buildConfigurationList = 469CEC8D2F62D8BB0043D9DE /* Build configuration list for PBXNativeTarget "BeePeachRoutiner" */;
			buildPhases = (
				469CEC7E2F62D8BA0043D9DE /* Sources */,
				469CEC7F2F62D8BA0043D9DE /* Frameworks */,
				469CEC802F62D8BA0043D9DE /* Resources */,
			);
			buildRules = (
			);
			dependencies = (
			);
			fileSystemSynchronizedGroups = (
				469CEC842F62D8BA0043D9DE /* BeePeachRoutiner */,
			);
			name = BeePeachRoutiner;
			packageProductDependencies = (
				469649102F9A01E200B9DCDD /* SnapKit */,
				469649132F9A0C6600B9DCDD /* Differentiator */,
				469649152F9A0C6600B9DCDD /* RxDataSources */,
			);
			productName = BeePeachRoutiner;
			productReference = 469CEC822F62D8BA0043D9DE /* BeePeachRoutiner.app */;
			productType = "com.apple.product-type.application";
		};
/* End PBXNativeTarget section */

/* Begin PBXProject section */
		469CEC7A2F62D8B90043D9DE /* Project object */ = {
			isa = PBXProject;
			attributes = {
				BuildIndependentTargetsInParallel = 1;
				LastSwiftUpdateCheck = 2630;
				LastUpgradeCheck = 2630;
				TargetAttributes = {
					463BF4B32FAB71F500190AC6 = {
						CreatedOnToolsVersion = 26.3;
						TestTargetID = 469CEC812F62D8BA0043D9DE;
					};
					469CEC812F62D8BA0043D9DE = {
						CreatedOnToolsVersion = 26.3;
					};
				};
			};
			buildConfigurationList = 469CEC7D2F62D8BA0043D9DE /* Build configuration list for PBXProject "BeePeachRoutiner" */;
			developmentRegion = en;
			hasScannedForEncodings = 0;
			knownRegions = (
				en,
				Base,
			);
			mainGroup = 469CEC792F62D8B90043D9DE;
			minimizedProjectReferenceProxies = 1;
			packageReferences = (
				4696490E2F9A00D100B9DCDD /* XCRemoteSwiftPackageReference "rxswift" */,
				4696490F2F9A01E200B9DCDD /* XCRemoteSwiftPackageReference "snapkit" */,
				469649122F9A0C6600B9DCDD /* XCRemoteSwiftPackageReference "rxdatasources" */,
			);
			preferredProjectObjectVersion = 77;
			productRefGroup = 469CEC832F62D8BA0043D9DE /* Products */;
			projectDirPath = "";
			projectRoot = "";
			targets = (
				469CEC812F62D8BA0043D9DE /* BeePeachRoutiner */,
				463BF4B32FAB71F500190AC6 /* BeePeachRoutinerTests */,
			);
		};
/* End PBXProject section */

/* Begin PBXResourcesBuildPhase section */
		463BF4B22FAB71F500190AC6 /* Resources */ = {
			isa = PBXResourcesBuildPhase;
			buildActionMask = 2147483647;
			files = (
			);
			runOnlyForDeploymentPostprocessing = 0;
		};
		469CEC802F62D8BA0043D9DE /* Resources */ = {
			isa = PBXResourcesBuildPhase;
			buildActionMask = 2147483647;
			files = (
			);
			runOnlyForDeploymentPostprocessing = 0;
		};
/* End PBXResourcesBuildPhase section */

/* Begin PBXSourcesBuildPhase section */
		463BF4B02FAB71F500190AC6 /* Sources */ = {
			isa = PBXSourcesBuildPhase;
			buildActionMask = 2147483647;
			files = (
			);
			runOnlyForDeploymentPostprocessing = 0;
		};
		469CEC7E2F62D8BA0043D9DE /* Sources */ = {
			isa = PBXSourcesBuildPhase;
			buildActionMask = 2147483647;
			files = (
			);
			runOnlyForDeploymentPostprocessing = 0;
		};
/* End PBXSourcesBuildPhase section */

/* Begin PBXTargetDependency section */
		463BF4B92FAB71F500190AC6 /* PBXTargetDependency */ = {
			isa = PBXTargetDependency;
			target = 469CEC812F62D8BA0043D9DE /* BeePeachRoutiner */;
			targetProxy = 463BF4B82FAB71F500190AC6 /* PBXContainerItemProxy */;
		};
/* End PBXTargetDependency section */

/* Begin XCBuildConfiguration section */
		463BF4BA2FAB71F500190AC6 /* Debug */ = {
			isa = XCBuildConfiguration;
			buildSettings = {
				BUNDLE_LOADER = "$(TEST_HOST)";
				CODE_SIGN_STYLE = Automatic;
				CURRENT_PROJECT_VERSION = 1;
				DEVELOPMENT_TEAM = WX2G6GFFQT;
				GENERATE_INFOPLIST_FILE = YES;
				MARKETING_VERSION = 1.0;
				PRODUCT_BUNDLE_IDENTIFIER = com.beepeachstudio.BeePeachRoutinerTests;
				PRODUCT_NAME = "$(TARGET_NAME)";
				STRING_CATALOG_GENERATE_SYMBOLS = NO;
				SWIFT_APPROACHABLE_CONCURRENCY = YES;
				SWIFT_EMIT_LOC_STRINGS = NO;
				SWIFT_UPCOMING_FEATURE_MEMBER_IMPORT_VISIBILITY = YES;
				SWIFT_VERSION = 5.0;
				TARGETED_DEVICE_FAMILY = "1,2";
				TEST_HOST = "$(BUILT_PRODUCTS_DIR)/BeePeachRoutiner.app/$(BUNDLE_EXECUTABLE_FOLDER_PATH)/BeePeachRoutiner";
			};
			name = Debug;
		};
		463BF4BB2FAB71F500190AC6 /* Release */ = {
			isa = XCBuildConfiguration;
			buildSettings = {
				BUNDLE_LOADER = "$(TEST_HOST)";
				CODE_SIGN_STYLE = Automatic;
				CURRENT_PROJECT_VERSION = 1;
				DEVELOPMENT_TEAM = WX2G6GFFQT;
				GENERATE_INFOPLIST_FILE = YES;
				MARKETING_VERSION = 1.0;
				PRODUCT_BUNDLE_IDENTIFIER = com.beepeachstudio.BeePeachRoutinerTests;
				PRODUCT_NAME = "$(TARGET_NAME)";
				STRING_CATALOG_GENERATE_SYMBOLS = NO;
				SWIFT_APPROACHABLE_CONCURRENCY = YES;
				SWIFT_EMIT_LOC_STRINGS = NO;
				SWIFT_UPCOMING_FEATURE_MEMBER_IMPORT_VISIBILITY = YES;
				SWIFT_VERSION = 5.0;
				TARGETED_DEVICE_FAMILY = "1,2";
				TEST_HOST = "$(BUILT_PRODUCTS_DIR)/BeePeachRoutiner.app/$(BUNDLE_EXECUTABLE_FOLDER_PATH)/BeePeachRoutiner";
			};
			name = Release;
		};
		469CEC8B2F62D8BB0043D9DE /* Debug */ = {
			isa = XCBuildConfiguration;
			buildSettings = {
				ALWAYS_SEARCH_USER_PATHS = NO;
				ASSETCATALOG_COMPILER_GENERATE_SWIFT_ASSET_SYMBOL_EXTENSIONS = YES;
				CLANG_ANALYZER_NONNULL = YES;
				CLANG_ANALYZER_NUMBER_OBJECT_CONVERSION = YES_AGGRESSIVE;
				CLANG_CXX_LANGUAGE_STANDARD = "gnu++20";
				CLANG_ENABLE_MODULES = YES;
				CLANG_ENABLE_OBJC_ARC = YES;
				CLANG_ENABLE_OBJC_WEAK = YES;
				CLANG_WARN_BLOCK_CAPTURE_AUTORELEASING = YES;
				CLANG_WARN_BOOL_CONVERSION = YES;
				CLANG_WARN_COMMA = YES;
				CLANG_WARN_CONSTANT_CONVERSION = YES;
				CLANG_WARN_DEPRECATED_OBJC_IMPLEMENTATIONS = YES;
				CLANG_WARN_DIRECT_OBJC_ISA_USAGE = YES_ERROR;
				CLANG_WARN_DOCUMENTATION_COMMENTS = YES;
				CLANG_WARN_EMPTY_BODY = YES;
				CLANG_WARN_ENUM_CONVERSION = YES;
				CLANG_WARN_INFINITE_RECURSION = YES;
				CLANG_WARN_INT_CONVERSION = YES;
				CLANG_WARN_NON_LITERAL_NULL_CONVERSION = YES;
				CLANG_WARN_OBJC_IMPLICIT_RETAIN_SELF = YES;
				CLANG_WARN_OBJC_LITERAL_CONVERSION = YES;
				CLANG_WARN_OBJC_ROOT_CLASS = YES_ERROR;
				CLANG_WARN_QUOTED_INCLUDE_IN_FRAMEWORK_HEADER = YES;
				CLANG_WARN_RANGE_LOOP_ANALYSIS = YES;
				CLANG_WARN_STRICT_PROTOTYPES = YES;
				CLANG_WARN_SUSPICIOUS_MOVE = YES;
				CLANG_WARN_UNGUARDED_AVAILABILITY = YES_AGGRESSIVE;
				CLANG_WARN_UNREACHABLE_CODE = YES;
				CLANG_WARN__DUPLICATE_METHOD_MATCH = YES;
				COPY_PHASE_STRIP = NO;
				DEBUG_INFORMATION_FORMAT = dwarf;
				DEVELOPMENT_TEAM = SD649AQPCG;
				ENABLE_STRICT_OBJC_MSGSEND = YES;
				ENABLE_TESTABILITY = YES;
				ENABLE_USER_SCRIPT_SANDBOXING = YES;
				GCC_C_LANGUAGE_STANDARD = gnu17;
				GCC_DYNAMIC_NO_PIC = NO;
				GCC_NO_COMMON_BLOCKS = YES;
				GCC_OPTIMIZATION_LEVEL = 0;
				GCC_PREPROCESSOR_DEFINITIONS = (
					"DEBUG=1",
					"$(inherited)",
				);
				GCC_WARN_64_TO_32_BIT_CONVERSION = YES;
				GCC_WARN_ABOUT_RETURN_TYPE = YES_ERROR;
				GCC_WARN_UNDECLARED_SELECTOR = YES;
				GCC_WARN_UNINITIALIZED_AUTOS = YES_AGGRESSIVE;
				GCC_WARN_UNUSED_FUNCTION = YES;
				GCC_WARN_UNUSED_VARIABLE = YES;
				IPHONEOS_DEPLOYMENT_TARGET = 26.2;
				LOCALIZATION_PREFERS_STRING_CATALOGS = YES;
				MTL_ENABLE_DEBUG_INFO = INCLUDE_SOURCE;
				MTL_FAST_MATH = YES;
				ONLY_ACTIVE_ARCH = YES;
				SDKROOT = iphoneos;
				SWIFT_ACTIVE_COMPILATION_CONDITIONS = "DEBUG $(inherited)";
				SWIFT_OPTIMIZATION_LEVEL = "-Onone";
			};
			name = Debug;
		};
		469CEC8C2F62D8BB0043D9DE /* Release */ = {
			isa = XCBuildConfiguration;
			buildSettings = {
				ALWAYS_SEARCH_USER_PATHS = NO;
				ASSETCATALOG_COMPILER_GENERATE_SWIFT_ASSET_SYMBOL_EXTENSIONS = YES;
				CLANG_ANALYZER_NONNULL = YES;
				CLANG_ANALYZER_NUMBER_OBJECT_CONVERSION = YES_AGGRESSIVE;
				CLANG_CXX_LANGUAGE_STANDARD = "gnu++20";
				CLANG_ENABLE_MODULES = YES;
				CLANG_ENABLE_OBJC_ARC = YES;
				CLANG_ENABLE_OBJC_WEAK = YES;
				CLANG_WARN_BLOCK_CAPTURE_AUTORELEASING = YES;
				CLANG_WARN_BOOL_CONVERSION = YES;
				CLANG_WARN_COMMA = YES;
				CLANG_WARN_CONSTANT_CONVERSION = YES;
				CLANG_WARN_DEPRECATED_OBJC_IMPLEMENTATIONS = YES;
				CLANG_WARN_DIRECT_OBJC_ISA_USAGE = YES_ERROR;
				CLANG_WARN_DOCUMENTATION_COMMENTS = YES;
				CLANG_WARN_EMPTY_BODY = YES;
				CLANG_WARN_ENUM_CONVERSION = YES;
				CLANG_WARN_INFINITE_RECURSION = YES;
				CLANG_WARN_INT_CONVERSION = YES;
				CLANG_WARN_NON_LITERAL_NULL_CONVERSION = YES;
				CLANG_WARN_OBJC_IMPLICIT_RETAIN_SELF = YES;
				CLANG_WARN_OBJC_LITERAL_CONVERSION = YES;
				CLANG_WARN_OBJC_ROOT_CLASS = YES_ERROR;
				CLANG_WARN_QUOTED_INCLUDE_IN_FRAMEWORK_HEADER = YES;
				CLANG_WARN_RANGE_LOOP_ANALYSIS = YES;
				CLANG_WARN_STRICT_PROTOTYPES = YES;
				CLANG_WARN_SUSPICIOUS_MOVE = YES;
				CLANG_WARN_UNGUARDED_AVAILABILITY = YES_AGGRESSIVE;
				CLANG_WARN_UNREACHABLE_CODE = YES;
				CLANG_WARN__DUPLICATE_METHOD_MATCH = YES;
				COPY_PHASE_STRIP = NO;
				DEBUG_INFORMATION_FORMAT = "dwarf-with-dsym";
				DEVELOPMENT_TEAM = SD649AQPCG;
				ENABLE_NS_ASSERTIONS = NO;
				ENABLE_STRICT_OBJC_MSGSEND = YES;
				ENABLE_USER_SCRIPT_SANDBOXING = YES;
				GCC_C_LANGUAGE_STANDARD = gnu17;
				GCC_NO_COMMON_BLOCKS = YES;
				GCC_WARN_64_TO_32_BIT_CONVERSION = YES;
				GCC_WARN_ABOUT_RETURN_TYPE = YES_ERROR;
				GCC_WARN_UNDECLARED_SELECTOR = YES;
				GCC_WARN_UNINITIALIZED_AUTOS = YES_AGGRESSIVE;
				GCC_WARN_UNUSED_FUNCTION = YES;
				GCC_WARN_UNUSED_VARIABLE = YES;
				IPHONEOS_DEPLOYMENT_TARGET = 26.2;
				LOCALIZATION_PREFERS_STRING_CATALOGS = YES;
				MTL_ENABLE_DEBUG_INFO = NO;
				MTL_FAST_MATH = YES;
				SDKROOT = iphoneos;
				SWIFT_COMPILATION_MODE = wholemodule;
				VALIDATE_PRODUCT = YES;
			};
			name = Release;
		};
		469CEC8E2F62D8BB0043D9DE /* Debug */ = {
			isa = XCBuildConfiguration;
			buildSettings = {
				ASSETCATALOG_COMPILER_APPICON_NAME = AppIcon;
				ASSETCATALOG_COMPILER_GLOBAL_ACCENT_COLOR_NAME = AccentColor;
				CODE_SIGN_STYLE = Automatic;
				CURRENT_PROJECT_VERSION = 1;
				DEVELOPMENT_TEAM = G5RH9MF273;
				GENERATE_INFOPLIST_FILE = NO;
				INFOPLIST_FILE = BeePeachRoutiner/Info.plist;
				LD_RUNPATH_SEARCH_PATHS = (
					"$(inherited)",
					"@executable_path/Frameworks",
				);
				MARKETING_VERSION = 1.0;
				PRODUCT_BUNDLE_IDENTIFIER = com.beepeachstudio.BeePeachRoutiner;
				PRODUCT_NAME = "$(TARGET_NAME)";
				STRING_CATALOG_GENERATE_SYMBOLS = YES;
				SWIFT_APPROACHABLE_CONCURRENCY = YES;
				SWIFT_DEFAULT_ACTOR_ISOLATION = MainActor;
				SWIFT_EMIT_LOC_STRINGS = YES;
				SWIFT_UPCOMING_FEATURE_MEMBER_IMPORT_VISIBILITY = YES;
				SWIFT_VERSION = 5.0;
				TARGETED_DEVICE_FAMILY = "1,2";
			};
			name = Debug;
		};
		469CEC8F2F62D8BB0043D9DE /* Release */ = {
			isa = XCBuildConfiguration;
			buildSettings = {
				ASSETCATALOG_COMPILER_APPICON_NAME = AppIcon;
				ASSETCATALOG_COMPILER_GLOBAL_ACCENT_COLOR_NAME = AccentColor;
				CODE_SIGN_STYLE = Automatic;
				CURRENT_PROJECT_VERSION = 1;
				DEVELOPMENT_TEAM = G5RH9MF273;
				GENERATE_INFOPLIST_FILE = NO;
				INFOPLIST_FILE = BeePeachRoutiner/Info.plist;
				LD_RUNPATH_SEARCH_PATHS = (
					"$(inherited)",
					"@executable_path/Frameworks",
				);
				MARKETING_VERSION = 1.0;
				PRODUCT_BUNDLE_IDENTIFIER = com.beepeachstudio.BeePeachRoutiner;
				PRODUCT_NAME = "$(TARGET_NAME)";
				STRING_CATALOG_GENERATE_SYMBOLS = YES;
				SWIFT_APPROACHABLE_CONCURRENCY = YES;
				SWIFT_DEFAULT_ACTOR_ISOLATION = MainActor;
				SWIFT_EMIT_LOC_STRINGS = YES;
				SWIFT_UPCOMING_FEATURE_MEMBER_IMPORT_VISIBILITY = YES;
				SWIFT_VERSION = 5.0;
				TARGETED_DEVICE_FAMILY = "1,2";
			};
			name = Release;
		};
/* End XCBuildConfiguration section */

/* Begin XCConfigurationList section */
		463BF4BC2FAB71F500190AC6 /* Build configuration list for PBXNativeTarget "BeePeachRoutinerTests" */ = {
			isa = XCConfigurationList;
			buildConfigurations = (
				463BF4BA2FAB71F500190AC6 /* Debug */,
				463BF4BB2FAB71F500190AC6 /* Release */,
			);
			defaultConfigurationIsVisible = 0;
			defaultConfigurationName = Release;
		};
		469CEC7D2F62D8BA0043D9DE /* Build configuration list for PBXProject "BeePeachRoutiner" */ = {
			isa = XCConfigurationList;
			buildConfigurations = (
				469CEC8B2F62D8BB0043D9DE /* Debug */,
				469CEC8C2F62D8BB0043D9DE /* Release */,
			);
			defaultConfigurationIsVisible = 0;
			defaultConfigurationName = Release;
		};
		469CEC8D2F62D8BB0043D9DE /* Build configuration list for PBXNativeTarget "BeePeachRoutiner" */ = {
			isa = XCConfigurationList;
			buildConfigurations = (
				469CEC8E2F62D8BB0043D9DE /* Debug */,
				469CEC8F2F62D8BB0043D9DE /* Release */,
			);
			defaultConfigurationIsVisible = 0;
			defaultConfigurationName = Release;
		};
/* End XCConfigurationList section */

/* Begin XCRemoteSwiftPackageReference section */
		4696490E2F9A00D100B9DCDD /* XCRemoteSwiftPackageReference "rxswift" */ = {
			isa = XCRemoteSwiftPackageReference;
			repositoryURL = "https://github.com/reactivex/rxswift";
			requirement = {
				kind = upToNextMajorVersion;
				minimumVersion = 6.10.2;
			};
		};
		4696490F2F9A01E200B9DCDD /* XCRemoteSwiftPackageReference "snapkit" */ = {
			isa = XCRemoteSwiftPackageReference;
			repositoryURL = "https://github.com/snapkit/snapkit";
			requirement = {
				kind = upToNextMajorVersion;
				minimumVersion = 5.7.1;
			};
		};
		469649122F9A0C6600B9DCDD /* XCRemoteSwiftPackageReference "rxdatasources" */ = {
			isa = XCRemoteSwiftPackageReference;
			repositoryURL = "https://github.com/rxswiftcommunity/rxdatasources";
			requirement = {
				kind = upToNextMajorVersion;
				minimumVersion = 5.0.2;
			};
		};
/* End XCRemoteSwiftPackageReference section */

/* Begin XCSwiftPackageProductDependency section */
		469649102F9A01E200B9DCDD /* SnapKit */ = {
			isa = XCSwiftPackageProductDependency;
			package = 4696490F2F9A01E200B9DCDD /* XCRemoteSwiftPackageReference "snapkit" */;
			productName = SnapKit;
		};
		469649132F9A0C6600B9DCDD /* Differentiator */ = {
			isa = XCSwiftPackageProductDependency;
			package = 469649122F9A0C6600B9DCDD /* XCRemoteSwiftPackageReference "rxdatasources" */;
			productName = Differentiator;
		};
		469649152F9A0C6600B9DCDD /* RxDataSources */ = {
			isa = XCSwiftPackageProductDependency;
			package = 469649122F9A0C6600B9DCDD /* XCRemoteSwiftPackageReference "rxdatasources" */;
			productName = RxDataSources;
		};
/* End XCSwiftPackageProductDependency section */
	};
	rootObject = 469CEC7A2F62D8B90043D9DE /* Project object */;
}
